
Microsoft Visual Studio Solution File, Format Version 12.00
# Visual Studio Version 17
VisualStudioVersion = 17.0.32014.148
MinimumVisualStudioVersion = 10.0.40219.1
Project("{FAE04EC0-301F-11D3-BF4B-00C04F79EFBC}") = "InAndOut", "InAndOut\InAndOut.csproj", "{7534FF19-19ED-421F-993A-F944A3B69BC0}"
EndProject
Global
	GlobalSection(SolutionConfigurationPlatforms) = preSolution
		Debug|Any CPU = Debug|Any CPU
		Release|Any CPU = Release|Any CPU
	EndGlobalSection
	GlobalSection(ProjectConfigurationPlatforms) = postSolution
		{7534FF19-19ED-421F-993A-F944A3B69BC0}.Debug|Any CPU.ActiveCfg = Debug|Any CPU
		{7534FF19-19ED-421F-993A-F944A3B69BC0}.Debug|Any CPU.Build.0 = Debug|Any CPU
		{7534FF19-19ED-421F-993A-F944A3B69BC0}.Release|Any CPU.ActiveCfg = Release|Any CPU
		{7534FF19-19ED-421F-993A-F944A3B69BC0}.Release|Any CPU.Build.0 = Release|Any CPU
	EndGlobalSection
	GlobalSection(SolutionProperties) = preSolution
		HideSolutionNode = FALSE
	EndGlobalSection
	GlobalSection(ExtensibilityGlobals) = postSolution
		SolutionGuid = {670DFDC8-E834-4B32-84B8-09A0F1D053A3}
	EndGlobalSection
EndGlobal
